
Microsoft Visual Studio Solution File, Format Version 12.00
# Visual Studio Version 17
VisualStudioVersion = 17.13.35818.85 d17.13
MinimumVisualStudioVersion = 10.0.40219.1
Project("{FAE04EC0-301F-11D3-BF4B-00C04F79EFBC}") = "VisualFlow", "VisualFlow\VisualFlow.csproj", "{6B009211-BBFF-4AD4-88B8-E3E8521FCF84}"
EndProject
Global
	GlobalSection(SolutionConfigurationPlatforms) = preSolution
		Debug|Any CPU = Debug|Any CPU
		Release|Any CPU = Release|Any CPU
	EndGlobalSection
	GlobalSection(ProjectConfigurationPlatforms) = postSolution
		{6B009211-BBFF-4AD4-88B8-E3E8521FCF84}.Debug|Any CPU.ActiveCfg = Debug|Any CPU
		{6B009211-BBFF-4AD4-88B8-E3E8521FCF84}.Debug|Any CPU.Build.0 = Debug|Any CPU
		{6B009211-BBFF-4AD4-88B8-E3E8521FCF84}.Release|Any CPU.ActiveCfg = Release|Any CPU
		{6B009211-BBFF-4AD4-88B8-E3E8521FCF84}.Release|Any CPU.Build.0 = Release|Any CPU
	EndGlobalSection
	GlobalSection(SolutionProperties) = preSolution
		HideSolutionNode = FALSE
	EndGlobalSection
	GlobalSection(ExtensibilityGlobals) = postSolution
		SolutionGuid = {5D94CAF7-A130-4DEF-9D97-A401270F5119}
	EndGlobalSection
EndGlobal
